github.com/nobonobo/spago v0.0.0-20200807131316-1458c11ead5e h1:yHp2jwLV6IHfzKcBoduE2bq6W8bOKyyeFpT8pEStM5I=
github.com/nobonobo/spago v0.0.0-20200807131316-1458c11ead5e/go.mod h1:ZPTMMKJfVDzBgEgWIalYx9DxMYbux4Vw4rE/nWy7xBw=
github.com/nobonobo/spago v0.0.0-20200807133902-728d51184e1f h1:7sAZRkuQi1Yd4TZXBxA352zKjw+B335CCkXgqSIW9U4=
github.com/nobonobo/spago v0.0.0-20200807133902-728d51184e1f/go.mod h1:ZPTMMKJfVDzBgEgWIalYx9DxMYbux4Vw4rE/nWy7xBw=
github.com/nobonobo/spago v0.0.0-20200808105016-00b2813c8397 h1:I3qwu+gf62jBsrmgWrXetI6s5j588V9K3+ZdTW3CiqE=
github.com/nobonobo/spago v0.0.0-20200808105016-00b2813c8397/go.mod h1:ZPTMMKJfVDzBgEgWIalYx9DxMYbux4Vw4rE/nWy7xBw=
github.com/nobonobo/spago v0.0.0-20200808113520-0136b5559f5b h1:Py6XFponcBzYoBEEndZy2t3tapSHnRXO69Yta4QY1aw=
github.com/nobonobo/spago v0.0.0-20200808113520-0136b5559f5b/go.mod h1:ZPTMMKJfVDzBgEgWIalYx9DxMYbux4Vw4rE/nWy7xBw=
github.com/nobonobo/spago v0.0.0-20200808113747-14cc6955efb9 h1:UtVBn58SS/pcYK6wFiPyPSiuhEqEwnE64449tn79nNY=
github.com/nobonobo/spago v0.0.0-20200808113747-14cc6955efb9/go.mod h1:ZPTMMKJfVDzBgEgWIalYx9DxMYbux4Vw4rE/nWy7xBw=
github.com/nobonobo/spago v0.0.0-20200808113900-acba057bedd4 h1:LDYpdsY4mRPMZzGtAQKOEe3HHdPua0H+yDreBnkB7Zw=
github.com/nobonobo/spago v0.0.0-20200808113900-acba057bedd4/go.mod h1:ZPTMMKJfVDzBgEgWIalYx9DxMYbux4Vw4rE/nWy7xBw=
github.com/nobonobo/spago v0.0.0-20200808114354-1938b3a45375 h1:XMKUgCF9TB3k7jgAJo2qH+v1ZVJ1nbZhI6koc7fnKsY=
github.com/nobonobo/spago v0.0.0-20200808114354-1938b3a45375/go.mod h1:ZPTMMKJfVDzBgEgWIalYx9DxMYbux4Vw4rE/nWy7xBw=
github.com/nobonobo/spago v0.0.0-20200808114503-190046894759 h1:RlLthG1OcmngWcuql68YyP/AIFwme0LW89I45N55VO0=
github.com/nobonobo/spago v0.0.0-20200808114503-190046894759/go.mod h1:ZPTMMKJfVDzBgEgWIalYx9DxMYbux4Vw4rE/nWy7xBw=
github.com/nobonobo/spago v0.0.0-20200809043306-1863b47df268 h1:C1xdc+J7CZcOKNQ6OZsCDCmotYe8zfm/qoScGBiV9gk=
github.com/nobonobo/spago v0.0.0-20200809043306-1863b47df268/go.mod h1:ZPTMMKJfVDzBgEgWIalYx9DxMYbux4Vw4rE/nWy7xBw=
github.com/nobonobo/spago v0.0.0-20200811074527-125def848b7e h1:8C2bMk65K88tPO4HhENJhSieCtlpOsFb744PlWeU4k0=
github.com/nobonobo/spago v0.0.0-20200811074527-125def848b7e/go.mod h1:ZPTMMKJfVDzBgEgWIalYx9DxMYbux4Vw4rE/nWy7xBw=
github.com/nobonobo/spago v0.0.0-20200811091608-e3f749af3a71 h1:iMDz5BwhMI+nQEgmPOudRBrzgqWeuPhCdkIgGDajC8Y=
github.com/nobonobo/spago v0.0.0-20200811091608-e3f749af3a71/go.mod h1:ZPTMMKJfVDzBgEgWIalYx9DxMYbux4Vw4rE/nWy7xBw=
